
Microsoft Visual Studio Solution File, Format Version 12.00
# Visual Studio Version 17
VisualStudioVersion = 17.0.32112.339
MinimumVisualStudioVersion = 10.0.40219.1
Project("{9A19103F-16F7-4668-BE54-9A1E7A4F7556}") = "GrooveDrive", "GrooveDrive\GrooveDrive.csproj", "{981AE0A3-41B6-4BD8-A637-BB51D6C9D043}"
EndProject
Global
	GlobalSection(SolutionConfigurationPlatforms) = preSolution
		Debug|Any CPU = Debug|Any CPU
		Release|Any CPU = Release|Any CPU
	EndGlobalSection
	GlobalSection(ProjectConfigurationPlatforms) = postSolution
		{981AE0A3-41B6-4BD8-A637-BB51D6C9D043}.Debug|Any CPU.ActiveCfg = Debug|Any CPU
		{981AE0A3-41B6-4BD8-A637-BB51D6C9D043}.Debug|Any CPU.Build.0 = Debug|Any CPU
		{981AE0A3-41B6-4BD8-A637-BB51D6C9D043}.Release|Any CPU.ActiveCfg = Release|Any CPU
		{981AE0A3-41B6-4BD8-A637-BB51D6C9D043}.Release|Any CPU.Build.0 = Release|Any CPU
	EndGlobalSection
	GlobalSection(SolutionProperties) = preSolution
		HideSolutionNode = FALSE
	EndGlobalSection
	GlobalSection(ExtensibilityGlobals) = postSolution
		SolutionGuid = {65CABD0F-A330-4682-BD86-4F913E635D16}
	EndGlobalSection
EndGlobal
